{
  "lockfileVersion": 1,
  "workspaces": {
    "": {
      "name": "specwright",
      "devDependencies": {
        "typescript": "^5.6.3",
      },
    },
    "packages/adapter-parity": {
      "name": "@specwright/adapter-parity",
      "version": "0.0.0",
      "dependencies": {
        "@specwright/adapters-cli": "workspace:*",
        "@specwright/run-store": "workspace:*",
        "@specwright/runtime": "workspace:*",
        "@specwright/schemas": "workspace:*",
      },
    },
    "packages/adapters-cli": {
      "name": "@specwright/adapters-cli",
      "version": "0.0.0",
      "bin": {
        "specwright": "./dist/bin.js",
      },
      "dependencies": {
        "@specwright/runtime": "workspace:*",
        "@specwright/schemas": "workspace:*",
        "zod": "^3.22.4",
      },
    },
    "packages/adapters-mcp": {
      "name": "@specwright/adapters-mcp",
      "version": "0.0.0",
      "dependencies": {
        "@specwright/run-store": "workspace:*",
        "@specwright/runtime": "workspace:*",
        "@specwright/schemas": "workspace:*",
        "@specwright/tool-broker": "workspace:*",
        "@specwright/trace-recorder": "workspace:*",
        "zod": "^3.22.4",
      },
      "devDependencies": {
        "@specwright/adapters-cli": "workspace:*",
      },
    },
    "packages/artifact-store": {
      "name": "@specwright/artifact-store",
      "version": "0.0.0",
      "dependencies": {
        "@specwright/run-store": "workspace:*",
        "@specwright/schemas": "workspace:*",
      },
    },
    "packages/eval-runner": {
      "name": "@specwright/eval-runner",
      "version": "0.0.0",
      "dependencies": {
        "@specwright/schemas": "workspace:*",
        "zod": "^3.25.76",
      },
    },
    "packages/evidence-store": {
      "name": "@specwright/evidence-store",
      "version": "0.0.0",
      "dependencies": {
        "@specwright/run-store": "workspace:*",
        "@specwright/schemas": "workspace:*",
      },
    },
    "packages/gate-engine": {
      "name": "@specwright/gate-engine",
      "version": "0.0.0",
      "dependencies": {
        "@specwright/schemas": "workspace:*",
        "zod": "^3.22.4",
      },
    },
    "packages/harness-loader": {
      "name": "@specwright/harness-loader",
      "version": "0.0.0",
      "dependencies": {
        "@specwright/run-store": "workspace:*",
        "@specwright/schemas": "workspace:*",
        "zod": "^3.22.4",
      },
    },
    "packages/memory": {
      "name": "@specwright/memory",
      "version": "0.0.0",
      "dependencies": {
        "@specwright/schemas": "workspace:*",
        "zod": "^3.22.4",
      },
    },
    "packages/operations": {
      "name": "@specwright/operations",
      "version": "0.0.0",
      "dependencies": {
        "@specwright/run-reports": "workspace:*",
        "@specwright/run-store": "workspace:*",
        "@specwright/schemas": "workspace:*",
        "@specwright/trace-recorder": "workspace:*",
        "zod": "^3.22.4",
      },
    },
    "packages/policy-engine": {
      "name": "@specwright/policy-engine",
      "version": "0.0.0",
      "dependencies": {
        "@specwright/schemas": "workspace:*",
        "@specwright/trace-recorder": "workspace:*",
      },
    },
    "packages/run-reports": {
      "name": "@specwright/run-reports",
      "version": "0.0.0",
      "dependencies": {
        "@specwright/artifact-store": "workspace:*",
        "@specwright/evidence-store": "workspace:*",
        "@specwright/run-store": "workspace:*",
        "@specwright/schemas": "workspace:*",
        "@specwright/trace-recorder": "workspace:*",
      },
    },
    "packages/run-store": {
      "name": "@specwright/run-store",
      "version": "0.0.0",
      "dependencies": {
        "@specwright/schemas": "workspace:*",
      },
    },
    "packages/runtime": {
      "name": "@specwright/runtime",
      "version": "0.0.0",
      "dependencies": {
        "@specwright/artifact-store": "workspace:*",
        "@specwright/eval-runner": "workspace:*",
        "@specwright/evidence-store": "workspace:*",
        "@specwright/gate-engine": "workspace:*",
        "@specwright/harness-loader": "workspace:*",
        "@specwright/run-reports": "workspace:*",
        "@specwright/run-store": "workspace:*",
        "@specwright/schemas": "workspace:*",
        "@specwright/tool-broker": "workspace:*",
        "@specwright/trace-recorder": "workspace:*",
      },
    },
    "packages/schemas": {
      "name": "@specwright/schemas",
      "version": "0.0.0",
      "dependencies": {
        "zod": "^3.22.4",
      },
    },
    "packages/tool-broker": {
      "name": "@specwright/tool-broker",
      "version": "0.0.0",
      "dependencies": {
        "@specwright/policy-engine": "workspace:*",
        "@specwright/schemas": "workspace:*",
        "zod": "^3.22.4",
      },
    },
    "packages/trace-recorder": {
      "name": "@specwright/trace-recorder",
      "version": "0.0.0",
      "dependencies": {
        "@specwright/run-store": "workspace:*",
        "@specwright/schemas": "workspace:*",
      },
    },
  },
  "packages": {
    "@specwright/adapter-parity": ["@specwright/adapter-parity@workspace:packages/adapter-parity"],

    "@specwright/adapters-cli": ["@specwright/adapters-cli@workspace:packages/adapters-cli"],

    "@specwright/adapters-mcp": ["@specwright/adapters-mcp@workspace:packages/adapters-mcp"],

    "@specwright/artifact-store": ["@specwright/artifact-store@workspace:packages/artifact-store"],

    "@specwright/eval-runner": ["@specwright/eval-runner@workspace:packages/eval-runner"],

    "@specwright/evidence-store": ["@specwright/evidence-store@workspace:packages/evidence-store"],

    "@specwright/gate-engine": ["@specwright/gate-engine@workspace:packages/gate-engine"],

    "@specwright/harness-loader": ["@specwright/harness-loader@workspace:packages/harness-loader"],

    "@specwright/memory": ["@specwright/memory@workspace:packages/memory"],

    "@specwright/operations": ["@specwright/operations@workspace:packages/operations"],

    "@specwright/policy-engine": ["@specwright/policy-engine@workspace:packages/policy-engine"],

    "@specwright/run-reports": ["@specwright/run-reports@workspace:packages/run-reports"],

    "@specwright/run-store": ["@specwright/run-store@workspace:packages/run-store"],

    "@specwright/runtime": ["@specwright/runtime@workspace:packages/runtime"],

    "@specwright/schemas": ["@specwright/schemas@workspace:packages/schemas"],

    "@specwright/tool-broker": ["@specwright/tool-broker@workspace:packages/tool-broker"],

    "@specwright/trace-recorder": ["@specwright/trace-recorder@workspace:packages/trace-recorder"],

    "typescript": ["typescript@5.9.3", "", { "bin": { "tsc": "bin/tsc", "tsserver": "bin/tsserver" } }, "sha512-jl1vZzPDinLr9eUt3J/t7V6FgNEw9QjvBPdysz9KfQDD41fQrC2Y4vKQdiaUpFT4bXlb1RHhLpp8wtm6M5TgSw=="],

    "zod": ["zod@3.25.76", "", {}, "sha512-gzUt/qt81nXsFGKIFcC3YnfEAx5NkunCfnDlvuBSSFS02bcXu4Lmea0AFIUwbLWxWPx3d9p8S5QoaujKcNQxcQ=="],
  }
}
